
Microsoft Visual Studio Solution File, Format Version 12.00
# Visual Studio Version 17
VisualStudioVersion = 17.10.35013.160
MinimumVisualStudioVersion = 10.0.40219.1
Project("{FAE04EC0-301F-11D3-BF4B-00C04F79EFBC}") = "HackerRank", "HackerRank\HackerRank.csproj", "{5988A7E6-36C0-47A8-B5C7-BB55CD34036E}"
EndProject
Global
	GlobalSection(SolutionConfigurationPlatforms) = preSolution
		Debug|Any CPU = Debug|Any CPU
		Release|Any CPU = Release|Any CPU
	EndGlobalSection
	GlobalSection(ProjectConfigurationPlatforms) = postSolution
		{5988A7E6-36C0-47A8-B5C7-BB55CD34036E}.Debug|Any CPU.ActiveCfg = Debug|Any CPU
		{5988A7E6-36C0-47A8-B5C7-BB55CD34036E}.Debug|Any CPU.Build.0 = Debug|Any CPU
		{5988A7E6-36C0-47A8-B5C7-BB55CD34036E}.Release|Any CPU.ActiveCfg = Release|Any CPU
		{5988A7E6-36C0-47A8-B5C7-BB55CD34036E}.Release|Any CPU.Build.0 = Release|Any CPU
	EndGlobalSection
	GlobalSection(SolutionProperties) = preSolution
		HideSolutionNode = FALSE
	EndGlobalSection
	GlobalSection(ExtensibilityGlobals) = postSolution
		SolutionGuid = {F32258FF-2A18-466F-B876-07F176E9B9DE}
	EndGlobalSection
EndGlobal
